
Microsoft Visual Studio Solution File, Format Version 12.00
# Visual Studio Version 17
VisualStudioVersion = 17.2.32630.192
MinimumVisualStudioVersion = 10.0.40219.1
Project("{FAE04EC0-301F-11D3-BF4B-00C04F79EFBC}") = "HiveProfitSwitcher", "HiveProfitSwitcher\HiveProfitSwitcher.csproj", "{AE6C32F6-7D56-445A-93CA-FC473BEFC0BC}"
EndProject
Global
	GlobalSection(SolutionConfigurationPlatforms) = preSolution
		Debug|Any CPU = Debug|Any CPU
		Release|Any CPU = Release|Any CPU
	EndGlobalSection
	GlobalSection(ProjectConfigurationPlatforms) = postSolution
		{AE6C32F6-7D56-445A-93CA-FC473BEFC0BC}.Debug|Any CPU.ActiveCfg = Debug|Any CPU
		{AE6C32F6-7D56-445A-93CA-FC473BEFC0BC}.Debug|Any CPU.Build.0 = Debug|Any CPU
		{AE6C32F6-7D56-445A-93CA-FC473BEFC0BC}.Release|Any CPU.ActiveCfg = Release|Any CPU
		{AE6C32F6-7D56-445A-93CA-FC473BEFC0BC}.Release|Any CPU.Build.0 = Release|Any CPU
	EndGlobalSection
	GlobalSection(SolutionProperties) = preSolution
		HideSolutionNode = FALSE
	EndGlobalSection
	GlobalSection(ExtensibilityGlobals) = postSolution
		SolutionGuid = {09C8A52E-9BFB-4E8F-862E-66DB399D045F}
	EndGlobalSection
EndGlobal
